Microsoft Visual Studio Solution File, Format Version 12.00
# Visual Studio Version 17
VisualStudioVersion = 17.5.2.0
MinimumVisualStudioVersion = 10.0.40219.1
Project("{FAE04EC0-301F-11D3-BF4B-00C04F79EFBC}") = "Programacion I", "Programacion I\Programacion I.csproj", "{48B9179E-6EA2-66CB-86E6-5FA0D38C6B00}"
EndProject
Project("{FAE04EC0-301F-11D3-BF4B-00C04F79EFBC}") = "Ejercicio con Funciones", "Ejercicio con Funciones\Ejercicio con Funciones.csproj", "{4FF46716-C8CA-490D-B756-926E25BA2B68}"
EndProject
Project("{FAE04EC0-301F-11D3-BF4B-00C04F79EFBC}") = "Patrones de Diseño", "Patrones de Diseño\Patrones de Diseño.csproj", "{F8A9E255-2358-4AE2-BD2D-A63A82BBC895}"
EndProject
Project("{FAE04EC0-301F-11D3-BF4B-00C04F79EFBC}") = "Ejercicio con Arreglos", "Ejercicio con Arreglos\Ejercicio con Arreglos.csproj", "{AE79D1A4-9003-4F00-8B1A-7B3C61C13358}"
EndProject
Project("{FAE04EC0-301F-11D3-BF4B-00C04F79EFBC}") = "Proyecto POO", "Proyecto POO\Proyecto POO.csproj", "{9053E19C-A1E7-4484-A601-15D87D04E8AE}"
EndProject
Project("{FAE04EC0-301F-11D3-BF4B-00C04F79EFBC}") = "Herencia", "Herencia\Herencia.csproj", "{565F5225-A978-4AB4-B988-316D99FFF442}"
EndProject
Project("{FAE04EC0-301F-11D3-BF4B-00C04F79EFBC}") = "Polimorfismo", "Polimorfismo\Polimorfismo.csproj", "{86DD8BF5-8221-48AE-805D-E62FBBA26F03}"
EndProject
Project("{FAE04EC0-301F-11D3-BF4B-00C04F79EFBC}") = "Central Telefonica", "Central Telefonica\Central Telefonica.csproj", "{397AD562-B48C-435F-9F1D-8CD0B484D915}"
EndProject
Project("{FAE04EC0-301F-11D3-BF4B-00C04F79EFBC}") = "Repaso", "Repaso\Repaso.csproj", "{FC15D1AD-A5A4-4C1D-AA0D-200152FBF8A2}"
EndProject
Project("{FAE04EC0-301F-11D3-BF4B-00C04F79EFBC}") = "Práctica con Herencia", "Práctica con Herencia\Práctica con Herencia.csproj", "{1C8D0A76-D2F9-4AC2-8A67-7C1D168FC79D}"
EndProject
Project("{FAE04EC0-301F-11D3-BF4B-00C04F79EFBC}") = "Proyecto Final", "Proyecto Final\Proyecto Final.csproj", "{B83E275C-1417-4FB9-A3AA-2CD4D5E5A216}"
EndProject
Global
	GlobalSection(SolutionConfigurationPlatforms) = preSolution
		Debug|Any CPU = Debug|Any CPU
		Release|Any CPU = Release|Any CPU
	EndGlobalSection
	GlobalSection(ProjectConfigurationPlatforms) = postSolution
		{48B9179E-6EA2-66CB-86E6-5FA0D38C6B00}.Debug|Any CPU.ActiveCfg = Debug|Any CPU
		{48B9179E-6EA2-66CB-86E6-5FA0D38C6B00}.Debug|Any CPU.Build.0 = Debug|Any CPU
		{48B9179E-6EA2-66CB-86E6-5FA0D38C6B00}.Release|Any CPU.ActiveCfg = Release|Any CPU
		{48B9179E-6EA2-66CB-86E6-5FA0D38C6B00}.Release|Any CPU.Build.0 = Release|Any CPU
		{4FF46716-C8CA-490D-B756-926E25BA2B68}.Debug|Any CPU.ActiveCfg = Debug|Any CPU
		{4FF46716-C8CA-490D-B756-926E25BA2B68}.Debug|Any CPU.Build.0 = Debug|Any CPU
		{4FF46716-C8CA-490D-B756-926E25BA2B68}.Release|Any CPU.ActiveCfg = Release|Any CPU
		{4FF46716-C8CA-490D-B756-926E25BA2B68}.Release|Any CPU.Build.0 = Release|Any CPU
		{F8A9E255-2358-4AE2-BD2D-A63A82BBC895}.Debug|Any CPU.ActiveCfg = Debug|Any CPU
		{F8A9E255-2358-4AE2-BD2D-A63A82BBC895}.Debug|Any CPU.Build.0 = Debug|Any CPU
		{F8A9E255-2358-4AE2-BD2D-A63A82BBC895}.Release|Any CPU.ActiveCfg = Release|Any CPU
		{F8A9E255-2358-4AE2-BD2D-A63A82BBC895}.Release|Any CPU.Build.0 = Release|Any CPU
		{AE79D1A4-9003-4F00-8B1A-7B3C61C13358}.Debug|Any CPU.ActiveCfg = Debug|Any CPU
		{AE79D1A4-9003-4F00-8B1A-7B3C61C13358}.Debug|Any CPU.Build.0 = Debug|Any CPU
		{AE79D1A4-9003-4F00-8B1A-7B3C61C13358}.Release|Any CPU.ActiveCfg = Release|Any CPU
		{AE79D1A4-9003-4F00-8B1A-7B3C61C13358}.Release|Any CPU.Build.0 = Release|Any CPU
		{9053E19C-A1E7-4484-A601-15D87D04E8AE}.Debug|Any CPU.ActiveCfg = Debug|Any CPU
		{9053E19C-A1E7-4484-A601-15D87D04E8AE}.Debug|Any CPU.Build.0 = Debug|Any CPU
		{9053E19C-A1E7-4484-A601-15D87D04E8AE}.Release|Any CPU.ActiveCfg = Release|Any CPU
		{9053E19C-A1E7-4484-A601-15D87D04E8AE}.Release|Any CPU.Build.0 = Release|Any CPU
		{565F5225-A978-4AB4-B988-316D99FFF442}.Debug|Any CPU.ActiveCfg = Debug|Any CPU
		{565F5225-A978-4AB4-B988-316D99FFF442}.Debug|Any CPU.Build.0 = Debug|Any CPU
		{565F5225-A978-4AB4-B988-316D99FFF442}.Release|Any CPU.ActiveCfg = Release|Any CPU
		{565F5225-A978-4AB4-B988-316D99FFF442}.Release|Any CPU.Build.0 = Release|Any CPU
		{86DD8BF5-8221-48AE-805D-E62FBBA26F03}.Debug|Any CPU.ActiveCfg = Debug|Any CPU
		{86DD8BF5-8221-48AE-805D-E62FBBA26F03}.Debug|Any CPU.Build.0 = Debug|Any CPU
		{86DD8BF5-8221-48AE-805D-E62FBBA26F03}.Release|Any CPU.ActiveCfg = Release|Any CPU
		{86DD8BF5-8221-48AE-805D-E62FBBA26F03}.Release|Any CPU.Build.0 = Release|Any CPU
		{397AD562-B48C-435F-9F1D-8CD0B484D915}.Debug|Any CPU.ActiveCfg = Debug|Any CPU
		{397AD562-B48C-435F-9F1D-8CD0B484D915}.Debug|Any CPU.Build.0 = Debug|Any CPU
		{397AD562-B48C-435F-9F1D-8CD0B484D915}.Release|Any CPU.ActiveCfg = Release|Any CPU
		{397AD562-B48C-435F-9F1D-8CD0B484D915}.Release|Any CPU.Build.0 = Release|Any CPU
		{FC15D1AD-A5A4-4C1D-AA0D-200152FBF8A2}.Debug|Any CPU.ActiveCfg = Debug|Any CPU
		{FC15D1AD-A5A4-4C1D-AA0D-200152FBF8A2}.Debug|Any CPU.Build.0 = Debug|Any CPU
		{FC15D1AD-A5A4-4C1D-AA0D-200152FBF8A2}.Release|Any CPU.ActiveCfg = Release|Any CPU
		{FC15D1AD-A5A4-4C1D-AA0D-200152FBF8A2}.Release|Any CPU.Build.0 = Release|Any CPU
		{1C8D0A76-D2F9-4AC2-8A67-7C1D168FC79D}.Debug|Any CPU.ActiveCfg = Debug|Any CPU
		{1C8D0A76-D2F9-4AC2-8A67-7C1D168FC79D}.Debug|Any CPU.Build.0 = Debug|Any CPU
		{1C8D0A76-D2F9-4AC2-8A67-7C1D168FC79D}.Release|Any CPU.ActiveCfg = Release|Any CPU
		{1C8D0A76-D2F9-4AC2-8A67-7C1D168FC79D}.Release|Any CPU.Build.0 = Release|Any CPU
		{B83E275C-1417-4FB9-A3AA-2CD4D5E5A216}.Debug|Any CPU.ActiveCfg = Debug|Any CPU
		{B83E275C-1417-4FB9-A3AA-2CD4D5E5A216}.Debug|Any CPU.Build.0 = Debug|Any CPU
		{B83E275C-1417-4FB9-A3AA-2CD4D5E5A216}.Release|Any CPU.ActiveCfg = Release|Any CPU
		{B83E275C-1417-4FB9-A3AA-2CD4D5E5A216}.Release|Any CPU.Build.0 = Release|Any CPU
	EndGlobalSection
	GlobalSection(SolutionProperties) = preSolution
		HideSolutionNode = FALSE
	EndGlobalSection
	GlobalSection(ExtensibilityGlobals) = postSolution
		SolutionGuid = {85E43F76-C88E-4CAE-A4FF-050FCA661AAA}
	EndGlobalSection
EndGlobal
